
Microsoft Visual Studio Solution File, Format Version 12.00
# Visual Studio Version 17
VisualStudioVersion = 17.9.34616.47
MinimumVisualStudioVersion = 10.0.40219.1
Project("{FAE04EC0-301F-11D3-BF4B-00C04F79EFBC}") = "WebApp", "WebApp\WebApp.csproj", "{D275A058-FB84-4749-A87B-274360E17AF1}"
EndProject
Global
	GlobalSection(SolutionConfigurationPlatforms) = preSolution
		Debug|Any CPU = Debug|Any CPU
		Release|Any CPU = Release|Any CPU
	EndGlobalSection
	GlobalSection(ProjectConfigurationPlatforms) = postSolution
		{D275A058-FB84-4749-A87B-274360E17AF1}.Debug|Any CPU.ActiveCfg = Debug|Any CPU
		{D275A058-FB84-4749-A87B-274360E17AF1}.Debug|Any CPU.Build.0 = Debug|Any CPU
		{D275A058-FB84-4749-A87B-274360E17AF1}.Release|Any CPU.ActiveCfg = Release|Any CPU
		{D275A058-FB84-4749-A87B-274360E17AF1}.Release|Any CPU.Build.0 = Release|Any CPU
	EndGlobalSection
	GlobalSection(SolutionProperties) = preSolution
		HideSolutionNode = FALSE
	EndGlobalSection
	GlobalSection(ExtensibilityGlobals) = postSolution
		SolutionGuid = {CEA98D93-D611-4F4C-87B7-1B4D0F355AC0}
	EndGlobalSection
EndGlobal
